// !$*UTF8*$!
{
	archiveVersion = 1;
	classes = {
	};
	objectVersion = 54;
	objects = {

/* Begin PBXBuildFile section */
		C00437AB29B8906C00C35413 /* VibrationManager.swift in Sources */ = {isa = PBXBuildFile; fileRef = C00437AA29B8906C00C35413 /* VibrationManager.swift */; };
		C00437AD29B8B7A900C35413 /* ImagePickerVC.swift in Sources */ = {isa = PBXBuildFile; fileRef = C00437AC29B8B7A900C35413 /* ImagePickerVC.swift */; };
		C0568CF629A4C88A00BB9181 /* AppDelegate.swift in Sources */ = {isa = PBXBuildFile; fileRef = C0568CF529A4C88A00BB9181 /* AppDelegate.swift */; };
		C0568CFC29A4C88A00BB9181 /* GameScene.swift in Sources */ = {isa = PBXBuildFile; fileRef = C0568CFB29A4C88A00BB9181 /* GameScene.swift */; };
		C0568CFE29A4C88A00BB9181 /* GameViewController.swift in Sources */ = {isa = PBXBuildFile; fileRef = C0568CFD29A4C88A00BB9181 /* GameViewController.swift */; };
		C0568D0129A4C88A00BB9181 /* Main.storyboard in Resources */ = {isa = PBXBuildFile; fileRef = C0568CFF29A4C88A00BB9181 /* Main.storyboard */; };
		C0568D0329A4C88C00BB9181 /* Assets.xcassets in Resources */ = {isa = PBXBuildFile; fileRef = C0568D0229A4C88C00BB9181 /* Assets.xcassets */; };
		C0568D0629A4C88C00BB9181 /* LaunchScreen.storyboard in Resources */ = {isa = PBXBuildFile; fileRef = C0568D0429A4C88C00BB9181 /* LaunchScreen.storyboard */; };
		C09F6ACF29D1A3DF0009DA98 /* game_over.mp3 in Resources */ = {isa = PBXBuildFile; fileRef = C09F6ACE29D1A3DF0009DA98 /* game_over.mp3 */; };
		C09F6AD229D1BAD80009DA98 /* StartSlide.swift in Sources */ = {isa = PBXBuildFile; fileRef = C09F6AD129D1BAD80009DA98 /* StartSlide.swift */; };
		C09F6AD429D1CD080009DA98 /* ghostBonus.mp3 in Resources */ = {isa = PBXBuildFile; fileRef = C09F6AD329D1CD080009DA98 /* ghostBonus.mp3 */; };
		C09F6AD629D1D5840009DA98 /* explosion.mp3 in Resources */ = {isa = PBXBuildFile; fileRef = C09F6AD529D1D5830009DA98 /* explosion.mp3 */; };
		C0C7E79E29B600E5000A120A /* ButtonFactory.swift in Sources */ = {isa = PBXBuildFile; fileRef = C0C7E79D29B600E5000A120A /* ButtonFactory.swift */; };
		C0C7E7A029B62ECE000A120A /* UserDefaultManager.swift in Sources */ = {isa = PBXBuildFile; fileRef = C0C7E79F29B62ECE000A120A /* UserDefaultManager.swift */; };
		C0C7E7A229B639CC000A120A /* click.mp3 in Resources */ = {isa = PBXBuildFile; fileRef = C0C7E7A129B639CB000A120A /* click.mp3 */; };
		C0D96E1829C86EFA007ED96D /* Explosion.sks in Resources */ = {isa = PBXBuildFile; fileRef = C0D96E1629C86EFA007ED96D /* Explosion.sks */; };
		C0D96E1929C86EFA007ED96D /* Assets.xcassets in Resources */ = {isa = PBXBuildFile; fileRef = C0D96E1729C86EFA007ED96D /* Assets.xcassets */; };
		C0D96E1B29C8B822007ED96D /* Extension.swift in Sources */ = {isa = PBXBuildFile; fileRef = C0D96E1A29C8B822007ED96D /* Extension.swift */; };
		C0E50A8329A6234D00DA8F45 /* StarShip.swift in Sources */ = {isa = PBXBuildFile; fileRef = C0E50A8229A6234D00DA8F45 /* StarShip.swift */; };
		C0E50A8729A6620C00DA8F45 /* PlanetFactory.swift in Sources */ = {isa = PBXBuildFile; fileRef = C0E50A8629A6620C00DA8F45 /* PlanetFactory.swift */; };
		C0EABF1529B0E38900AF4FC1 /* MusicManager.swift in Sources */ = {isa = PBXBuildFile; fileRef = C0EABF1429B0E38900AF4FC1 /* MusicManager.swift */; };
		C0EABF1729B10AC900AF4FC1 /* background-music.mp3 in Resources */ = {isa = PBXBuildFile; fileRef = C0EABF1629B10AC900AF4FC1 /* background-music.mp3 */; };
		C0EABF1D29B21F2700AF4FC1 /* ballSeparation.mp3 in Resources */ = {isa = PBXBuildFile; fileRef = C0EABF1C29B21F2700AF4FC1 /* ballSeparation.mp3 */; };
		C0EAC39729B242C500E1FB3C /* ballDrop.mp3 in Resources */ = {isa = PBXBuildFile; fileRef = C0EAC39629B242C400E1FB3C /* ballDrop.mp3 */; };
		C0EAC39929B243C500E1FB3C /* shot.mp3 in Resources */ = {isa = PBXBuildFile; fileRef = C0EAC39829B243C500E1FB3C /* shot.mp3 */; };
		C0EAD2C729CB7F7900EEEBCF /* GameOver.swift in Sources */ = {isa = PBXBuildFile; fileRef = C0EAD2C629CB7F7900EEEBCF /* GameOver.swift */; };
		C0EAD2C929CB857600EEEBCF /* Bonus.swift in Sources */ = {isa = PBXBuildFile; fileRef = C0EAD2C829CB857600EEEBCF /* Bonus.swift */; };
		C0ED90BF29CC87A50025274A /* Bullet.swift in Sources */ = {isa = PBXBuildFile; fileRef = C0ED90BE29CC87A50025274A /* Bullet.swift */; };
/* End PBXBuildFile section */

/* Begin PBXFileReference section */
		C00437AA29B8906C00C35413 /* VibrationManager.swift */ = {isa = PBXFileReference; lastKnownFileType = sourcecode.swift; path = VibrationManager.swift; sourceTree = "<group>"; };
		C00437AC29B8B7A900C35413 /* ImagePickerVC.swift */ = {isa = PBXFileReference; lastKnownFileType = sourcecode.swift; path = ImagePickerVC.swift; sourceTree = "<group>"; };
		C0568CF229A4C88A00BB9181 /* NewGame.app */ = {isa = PBXFileReference; explicitFileType = wrapper.application; includeInIndex = 0; path = NewGame.app; sourceTree = BUILT_PRODUCTS_DIR; };
		C0568CF529A4C88A00BB9181 /* AppDelegate.swift */ = {isa = PBXFileReference; lastKnownFileType = sourcecode.swift; path = AppDelegate.swift; sourceTree = "<group>"; };
		C0568CFB29A4C88A00BB9181 /* GameScene.swift */ = {isa = PBXFileReference; lastKnownFileType = sourcecode.swift; path = GameScene.swift; sourceTree = "<group>"; };
		C0568CFD29A4C88A00BB9181 /* GameViewController.swift */ = {isa = PBXFileReference; lastKnownFileType = sourcecode.swift; path = GameViewController.swift; sourceTree = "<group>"; };
		C0568D0029A4C88A00BB9181 /* Base */ = {isa = PBXFileReference; lastKnownFileType = file.storyboard; name = Base; path = Base.lproj/Main.storyboard; sourceTree = "<group>"; };
		C0568D0229A4C88C00BB9181 /* Assets.xcassets */ = {isa = PBXFileReference; lastKnownFileType = folder.assetcatalog; path = Assets.xcassets; sourceTree = "<group>"; };
		C0568D0529A4C88C00BB9181 /* Base */ = {isa = PBXFileReference; lastKnownFileType = file.storyboard; name = Base; path = Base.lproj/LaunchScreen.storyboard; sourceTree = "<group>"; };
		C09F6ACE29D1A3DF0009DA98 /* game_over.mp3 */ = {isa = PBXFileReference; lastKnownFileType = audio.mp3; path = game_over.mp3; sourceTree = "<group>"; };
		C09F6AD129D1BAD80009DA98 /* StartSlide.swift */ = {isa = PBXFileReference; lastKnownFileType = sourcecode.swift; path = StartSlide.swift; sourceTree = "<group>"; };
		C09F6AD329D1CD080009DA98 /* ghostBonus.mp3 */ = {isa = PBXFileReference; lastKnownFileType = audio.mp3; path = ghostBonus.mp3; sourceTree = "<group>"; };
		C09F6AD529D1D5830009DA98 /* explosion.mp3 */ = {isa = PBXFileReference; lastKnownFileType = audio.mp3; path = explosion.mp3; sourceTree = "<group>"; };
		C0C7E79D29B600E5000A120A /* ButtonFactory.swift */ = {isa = PBXFileReference; lastKnownFileType = sourcecode.swift; path = ButtonFactory.swift; sourceTree = "<group>"; };
		C0C7E79F29B62ECE000A120A /* UserDefaultManager.swift */ = {isa = PBXFileReference; lastKnownFileType = sourcecode.swift; path = UserDefaultManager.swift; sourceTree = "<group>"; };
		C0C7E7A129B639CB000A120A /* click.mp3 */ = {isa = PBXFileReference; lastKnownFileType = audio.mp3; path = click.mp3; sourceTree = "<group>"; };
		C0D96E1629C86EFA007ED96D /* Explosion.sks */ = {isa = PBXFileReference; lastKnownFileType = file.sks; path = Explosion.sks; sourceTree = "<group>"; };
		C0D96E1729C86EFA007ED96D /* Assets.xcassets */ = {isa = PBXFileReference; lastKnownFileType = folder.assetcatalog; path = Assets.xcassets; sourceTree = "<group>"; };
		C0D96E1A29C8B822007ED96D /* Extension.swift */ = {isa = PBXFileReference; lastKnownFileType = sourcecode.swift; path = Extension.swift; sourceTree = "<group>"; };
		C0E50A8229A6234D00DA8F45 /* StarShip.swift */ = {isa = PBXFileReference; lastKnownFileType = sourcecode.swift; path = StarShip.swift; sourceTree = "<group>"; };
		C0E50A8629A6620C00DA8F45 /* PlanetFactory.swift */ = {isa = PBXFileReference; lastKnownFileType = sourcecode.swift; path = PlanetFactory.swift; sourceTree = "<group>"; };
		C0EABF1429B0E38900AF4FC1 /* MusicManager.swift */ = {isa = PBXFileReference; lastKnownFileType = sourcecode.swift; path = MusicManager.swift; sourceTree = "<group>"; };
		C0EABF1629B10AC900AF4FC1 /* background-music.mp3 */ = {isa = PBXFileReference; lastKnownFileType = audio.mp3; path = "background-music.mp3"; sourceTree = "<group>"; };
		C0EABF1C29B21F2700AF4FC1 /* ballSeparation.mp3 */ = {isa = PBXFileReference; lastKnownFileType = audio.mp3; path = ballSeparation.mp3; sourceTree = "<group>"; };
		C0EAC39629B242C400E1FB3C /* ballDrop.mp3 */ = {isa = PBXFileReference; lastKnownFileType = audio.mp3; path = ballDrop.mp3; sourceTree = "<group>"; };
		C0EAC39829B243C500E1FB3C /* shot.mp3 */ = {isa = PBXFileReference; lastKnownFileType = audio.mp3; path = shot.mp3; sourceTree = "<group>"; };
		C0EAD2C629CB7F7900EEEBCF /* GameOver.swift */ = {isa = PBXFileReference; lastKnownFileType = sourcecode.swift; path = GameOver.swift; sourceTree = "<group>"; };
		C0EAD2C829CB857600EEEBCF /* Bonus.swift */ = {isa = PBXFileReference; lastKnownFileType = sourcecode.swift; path = Bonus.swift; sourceTree = "<group>"; };
		C0ED90BE29CC87A50025274A /* Bullet.swift */ = {isa = PBXFileReference; lastKnownFileType = sourcecode.swift; path = Bullet.swift; sourceTree = "<group>"; };
/* End PBXFileReference section */

/* Begin PBXFrameworksBuildPhase section */
		C0568CEF29A4C88A00BB9181 /* Frameworks */ = {
			isa = PBXFrameworksBuildPhase;
			buildActionMask = 2147483647;
			files = (
			);
			runOnlyForDeploymentPostprocessing = 0;
		};
/* End PBXFrameworksBuildPhase section */

/* Begin PBXGroup section */
		C0568CE929A4C88A00BB9181 = {
			isa = PBXGroup;
			children = (
				C0568CF429A4C88A00BB9181 /* NewGame */,
				C0568CF329A4C88A00BB9181 /* Products */,
			);
			sourceTree = "<group>";
		};
		C0568CF329A4C88A00BB9181 /* Products */ = {
			isa = PBXGroup;
			children = (
				C0568CF229A4C88A00BB9181 /* NewGame.app */,
			);
			name = Products;
			sourceTree = "<group>";
		};
		C0568CF429A4C88A00BB9181 /* NewGame */ = {
			isa = PBXGroup;
			children = (
				C0568CF529A4C88A00BB9181 /* AppDelegate.swift */,
				C0568CFB29A4C88A00BB9181 /* GameScene.swift */,
				C0D96E1A29C8B822007ED96D /* Extension.swift */,
				C0D96E1629C86EFA007ED96D /* Explosion.sks */,
				C0D96E1729C86EFA007ED96D /* Assets.xcassets */,
				C0CFF97B29B9D714002DD5CF /* ViewControllers */,
				C0C7E7A429B72F7D000A120A /* Сlasses */,
				C0C7E7A329B72F43000A120A /* Managers */,
				C0EABF1E29B23E5000AF4FC1 /* SoundsEffects */,
				C0C7E7A529B72F9E000A120A /* DefaultFiles */,
			);
			path = NewGame;
			sourceTree = "<group>";
		};
		C0C7E7A329B72F43000A120A /* Managers */ = {
			isa = PBXGroup;
			children = (
				C0C7E79F29B62ECE000A120A /* UserDefaultManager.swift */,
				C0EABF1429B0E38900AF4FC1 /* MusicManager.swift */,
				C00437AA29B8906C00C35413 /* VibrationManager.swift */,
			);
			path = Managers;
			sourceTree = "<group>";
		};
		C0C7E7A429B72F7D000A120A /* Сlasses */ = {
			isa = PBXGroup;
			children = (
				C0EAD2C629CB7F7900EEEBCF /* GameOver.swift */,
				C09F6AD129D1BAD80009DA98 /* StartSlide.swift */,
				C0EAD2C829CB857600EEEBCF /* Bonus.swift */,
				C0ED90BE29CC87A50025274A /* Bullet.swift */,
				C0E50A8229A6234D00DA8F45 /* StarShip.swift */,
				C0E50A8629A6620C00DA8F45 /* PlanetFactory.swift */,
				C0C7E79D29B600E5000A120A /* ButtonFactory.swift */,
			);
			path = "Сlasses";
			sourceTree = "<group>";
		};
		C0C7E7A529B72F9E000A120A /* DefaultFiles */ = {
			isa = PBXGroup;
			children = (
				C0568D0229A4C88C00BB9181 /* Assets.xcassets */,
				C0568CFF29A4C88A00BB9181 /* Main.storyboard */,
				C0568D0429A4C88C00BB9181 /* LaunchScreen.storyboard */,
			);
			path = DefaultFiles;
			sourceTree = "<group>";
		};
		C0CFF97B29B9D714002DD5CF /* ViewControllers */ = {
			isa = PBXGroup;
			children = (
				C0568CFD29A4C88A00BB9181 /* GameViewController.swift */,
				C00437AC29B8B7A900C35413 /* ImagePickerVC.swift */,
			);
			path = ViewControllers;
			sourceTree = "<group>";
		};
		C0EABF1E29B23E5000AF4FC1 /* SoundsEffects */ = {
			isa = PBXGroup;
			children = (
				C0EABF1629B10AC900AF4FC1 /* background-music.mp3 */,
				C0EAC39629B242C400E1FB3C /* ballDrop.mp3 */,
				C09F6ACE29D1A3DF0009DA98 /* game_over.mp3 */,
				C09F6AD329D1CD080009DA98 /* ghostBonus.mp3 */,
				C09F6AD529D1D5830009DA98 /* explosion.mp3 */,
				C0EAC39829B243C500E1FB3C /* shot.mp3 */,
				C0EABF1C29B21F2700AF4FC1 /* ballSeparation.mp3 */,
				C0C7E7A129B639CB000A120A /* click.mp3 */,
			);
			path = SoundsEffects;
			sourceTree = "<group>";
		};
/* End PBXGroup section */

/* Begin PBXNativeTarget section */
		C0568CF129A4C88A00BB9181 /* NewGame */ = {
			isa = PBXNativeTarget;
			buildConfigurationList = C0568D0929A4C88C00BB9181 /* Build configuration list for PBXNativeTarget "NewGame" */;
			buildPhases = (
				C0568CEE29A4C88A00BB9181 /* Sources */,
				C0568CEF29A4C88A00BB9181 /* Frameworks */,
				C0568CF029A4C88A00BB9181 /* Resources */,
			);
			buildRules = (
			);
			dependencies = (
			);
			name = NewGame;
			productName = NewGame;
			productReference = C0568CF229A4C88A00BB9181 /* NewGame.app */;
			productType = "com.apple.product-type.application";
		};
/* End PBXNativeTarget section */

/* Begin PBXProject section */
		C0568CEA29A4C88A00BB9181 /* Project object */ = {
			isa = PBXProject;
			attributes = {
				BuildIndependentTargetsInParallel = 1;
				LastSwiftUpdateCheck = 1410;
				LastUpgradeCheck = 1410;
				TargetAttributes = {
					C0568CF129A4C88A00BB9181 = {
						CreatedOnToolsVersion = 14.1;
					};
				};
			};
			buildConfigurationList = C0568CED29A4C88A00BB9181 /* Build configuration list for PBXProject "NewGame" */;
			compatibilityVersion = "Xcode 12.0";
			developmentRegion = en;
			hasScannedForEncodings = 0;
			knownRegions = (
				en,
				Base,
			);
			mainGroup = C0568CE929A4C88A00BB9181;
			productRefGroup = C0568CF329A4C88A00BB9181 /* Products */;
			projectDirPath = "";
			projectRoot = "";
			targets = (
				C0568CF129A4C88A00BB9181 /* NewGame */,
			);
		};
/* End PBXProject section */

/* Begin PBXResourcesBuildPhase section */
		C0568CF029A4C88A00BB9181 /* Resources */ = {
			isa = PBXResourcesBuildPhase;
			buildActionMask = 2147483647;
			files = (
				C0EABF1729B10AC900AF4FC1 /* background-music.mp3 in Resources */,
				C0C7E7A229B639CC000A120A /* click.mp3 in Resources */,
				C0EAC39929B243C500E1FB3C /* shot.mp3 in Resources */,
				C0D96E1829C86EFA007ED96D /* Explosion.sks in Resources */,
				C09F6AD429D1CD080009DA98 /* ghostBonus.mp3 in Resources */,
				C0D96E1929C86EFA007ED96D /* Assets.xcassets in Resources */,
				C0EAC39729B242C500E1FB3C /* ballDrop.mp3 in Resources */,
				C09F6ACF29D1A3DF0009DA98 /* game_over.mp3 in Resources */,
				C0568D0129A4C88A00BB9181 /* Main.storyboard in Resources */,
				C0EABF1D29B21F2700AF4FC1 /* ballSeparation.mp3 in Resources */,
				C0568D0329A4C88C00BB9181 /* Assets.xcassets in Resources */,
				C0568D0629A4C88C00BB9181 /* LaunchScreen.storyboard in Resources */,
				C09F6AD629D1D5840009DA98 /* explosion.mp3 in Resources */,
			);
			runOnlyForDeploymentPostprocessing = 0;
		};
/* End PBXResourcesBuildPhase section */

/* Begin PBXSourcesBuildPhase section */
		C0568CEE29A4C88A00BB9181 /* Sources */ = {
			isa = PBXSourcesBuildPhase;
			buildActionMask = 2147483647;
			files = (
				C0568CFC29A4C88A00BB9181 /* GameScene.swift in Sources */,
				C0EAD2C929CB857600EEEBCF /* Bonus.swift in Sources */,
				C0C7E79E29B600E5000A120A /* ButtonFactory.swift in Sources */,
				C0ED90BF29CC87A50025274A /* Bullet.swift in Sources */,
				C0EAD2C729CB7F7900EEEBCF /* GameOver.swift in Sources */,
				C0C7E7A029B62ECE000A120A /* UserDefaultManager.swift in Sources */,
				C00437AB29B8906C00C35413 /* VibrationManager.swift in Sources */,
				C0568CFE29A4C88A00BB9181 /* GameViewController.swift in Sources */,
				C0568CF629A4C88A00BB9181 /* AppDelegate.swift in Sources */,
				C0E50A8329A6234D00DA8F45 /* StarShip.swift in Sources */,
				C0E50A8729A6620C00DA8F45 /* PlanetFactory.swift in Sources */,
				C00437AD29B8B7A900C35413 /* ImagePickerVC.swift in Sources */,
				C0D96E1B29C8B822007ED96D /* Extension.swift in Sources */,
				C0EABF1529B0E38900AF4FC1 /* MusicManager.swift in Sources */,
				C09F6AD229D1BAD80009DA98 /* StartSlide.swift in Sources */,
			);
			runOnlyForDeploymentPostprocessing = 0;
		};
/* End PBXSourcesBuildPhase section */

/* Begin PBXVariantGroup section */
		C0568CFF29A4C88A00BB9181 /* Main.storyboard */ = {
			isa = PBXVariantGroup;
			children = (
				C0568D0029A4C88A00BB9181 /* Base */,
			);
			name = Main.storyboard;
			sourceTree = "<group>";
		};
		C0568D0429A4C88C00BB9181 /* LaunchScreen.storyboard */ = {
			isa = PBXVariantGroup;
			children = (
				C0568D0529A4C88C00BB9181 /* Base */,
			);
			name = LaunchScreen.storyboard;
			sourceTree = "<group>";
		};
/* End PBXVariantGroup section */

/* Begin XCBuildConfiguration section */
		C0568D0729A4C88C00BB9181 /* Debug */ = {
			isa = XCBuildConfiguration;
			buildSettings = {
				ALWAYS_SEARCH_USER_PATHS = NO;
				CLANG_ANALYZER_NONNULL = YES;
				CLANG_ANALYZER_NUMBER_OBJECT_CONVERSION = YES_AGGRESSIVE;
				CLANG_CXX_LANGUAGE_STANDARD = "gnu++20";
				CLANG_ENABLE_MODULES = YES;
				CLANG_ENABLE_OBJC_ARC = YES;
				CLANG_ENABLE_OBJC_WEAK = YES;
				CLANG_WARN_BLOCK_CAPTURE_AUTORELEASING = YES;
				CLANG_WARN_BOOL_CONVERSION = YES;
				CLANG_WARN_COMMA = YES;
				CLANG_WARN_CONSTANT_CONVERSION = YES;
				CLANG_WARN_DEPRECATED_OBJC_IMPLEMENTATIONS = YES;
				CLANG_WARN_DIRECT_OBJC_ISA_USAGE = YES_ERROR;
				CLANG_WARN_DOCUMENTATION_COMMENTS = YES;
				CLANG_WARN_EMPTY_BODY = YES;
				CLANG_WARN_ENUM_CONVERSION = YES;
				CLANG_WARN_INFINITE_RECURSION = YES;
				CLANG_WARN_INT_CONVERSION = YES;
				CLANG_WARN_NON_LITERAL_NULL_CONVERSION = YES;
				CLANG_WARN_OBJC_IMPLICIT_RETAIN_SELF = YES;
				CLANG_WARN_OBJC_LITERAL_CONVERSION = YES;
				CLANG_WARN_OBJC_ROOT_CLASS = YES_ERROR;
				CLANG_WARN_QUOTED_INCLUDE_IN_FRAMEWORK_HEADER = YES;
				CLANG_WARN_RANGE_LOOP_ANALYSIS = YES;
				CLANG_WARN_STRICT_PROTOTYPES = YES;
				CLANG_WARN_SUSPICIOUS_MOVE = YES;
				CLANG_WARN_UNGUARDED_AVAILABILITY = YES_AGGRESSIVE;
				CLANG_WARN_UNREACHABLE_CODE = YES;
				CLANG_WARN__DUPLICATE_METHOD_MATCH = YES;
				COPY_PHASE_STRIP = NO;
				DEBUG_INFORMATION_FORMAT = dwarf;
				ENABLE_STRICT_OBJC_MSGSEND = YES;
				ENABLE_TESTABILITY = YES;
				GCC_C_LANGUAGE_STANDARD = gnu11;
				GCC_DYNAMIC_NO_PIC = NO;
				GCC_NO_COMMON_BLOCKS = YES;
				GCC_OPTIMIZATION_LEVEL = 0;
				GCC_PREPROCESSOR_DEFINITIONS = (
					"DEBUG=1",
					"$(inherited)",
				);
				GCC_WARN_64_TO_32_BIT_CONVERSION = YES;
				GCC_WARN_ABOUT_RETURN_TYPE = YES_ERROR;
				GCC_WARN_UNDECLARED_SELECTOR = YES;
				GCC_WARN_UNINITIALIZED_AUTOS = YES_AGGRESSIVE;
				GCC_WARN_UNUSED_FUNCTION = YES;
				GCC_WARN_UNUSED_VARIABLE = YES;
				IPHONEOS_DEPLOYMENT_TARGET = 16.0;
				MTL_ENABLE_DEBUG_INFO = INCLUDE_SOURCE;
				MTL_FAST_MATH = YES;
				ONLY_ACTIVE_ARCH = YES;
				SDKROOT = iphoneos;
				SWIFT_ACTIVE_COMPILATION_CONDITIONS = DEBUG;
				SWIFT_OPTIMIZATION_LEVEL = "-Onone";
			};
			name = Debug;
		};
		C0568D0829A4C88C00BB9181 /* Release */ = {
			isa = XCBuildConfiguration;
			buildSettings = {
				ALWAYS_SEARCH_USER_PATHS = NO;
				CLANG_ANALYZER_NONNULL = YES;
				CLANG_ANALYZER_NUMBER_OBJECT_CONVERSION = YES_AGGRESSIVE;
				CLANG_CXX_LANGUAGE_STANDARD = "gnu++20";
				CLANG_ENABLE_MODULES = YES;
				CLANG_ENABLE_OBJC_ARC = YES;
				CLANG_ENABLE_OBJC_WEAK = YES;
				CLANG_WARN_BLOCK_CAPTURE_AUTORELEASING = YES;
				CLANG_WARN_BOOL_CONVERSION = YES;
				CLANG_WARN_COMMA = YES;
				CLANG_WARN_CONSTANT_CONVERSION = YES;
				CLANG_WARN_DEPRECATED_OBJC_IMPLEMENTATIONS = YES;
				CLANG_WARN_DIRECT_OBJC_ISA_USAGE = YES_ERROR;
				CLANG_WARN_DOCUMENTATION_COMMENTS = YES;
				CLANG_WARN_EMPTY_BODY = YES;
				CLANG_WARN_ENUM_CONVERSION = YES;
				CLANG_WARN_INFINITE_RECURSION = YES;
				CLANG_WARN_INT_CONVERSION = YES;
				CLANG_WARN_NON_LITERAL_NULL_CONVERSION = YES;
				CLANG_WARN_OBJC_IMPLICIT_RETAIN_SELF = YES;
				CLANG_WARN_OBJC_LITERAL_CONVERSION = YES;
				CLANG_WARN_OBJC_ROOT_CLASS = YES_ERROR;
				CLANG_WARN_QUOTED_INCLUDE_IN_FRAMEWORK_HEADER = YES;
				CLANG_WARN_RANGE_LOOP_ANALYSIS = YES;
				CLANG_WARN_STRICT_PROTOTYPES = YES;
				CLANG_WARN_SUSPICIOUS_MOVE = YES;
				CLANG_WARN_UNGUARDED_AVAILABILITY = YES_AGGRESSIVE;
				CLANG_WARN_UNREACHABLE_CODE = YES;
				CLANG_WARN__DUPLICATE_METHOD_MATCH = YES;
				COPY_PHASE_STRIP = NO;
				DEBUG_INFORMATION_FORMAT = "dwarf-with-dsym";
				ENABLE_NS_ASSERTIONS = NO;
				ENABLE_STRICT_OBJC_MSGSEND = YES;
				GCC_C_LANGUAGE_STANDARD = gnu11;
				GCC_NO_COMMON_BLOCKS = YES;
				GCC_WARN_64_TO_32_BIT_CONVERSION = YES;
				GCC_WARN_ABOUT_RETURN_TYPE = YES_ERROR;
				GCC_WARN_UNDECLARED_SELECTOR = YES;
				GCC_WARN_UNINITIALIZED_AUTOS = YES_AGGRESSIVE;
				GCC_WARN_UNUSED_FUNCTION = YES;
				GCC_WARN_UNUSED_VARIABLE = YES;
				IPHONEOS_DEPLOYMENT_TARGET = 16.0;
				MTL_ENABLE_DEBUG_INFO = NO;
				MTL_FAST_MATH = YES;
				SDKROOT = iphoneos;
				SWIFT_COMPILATION_MODE = wholemodule;
				SWIFT_OPTIMIZATION_LEVEL = "-O";
				VALIDATE_PRODUCT = YES;
			};
			name = Release;
		};
		C0568D0A29A4C88C00BB9181 /* Debug */ = {
			isa = XCBuildConfiguration;
			buildSettings = {
				ASSETCATALOG_COMPILER_APPICON_NAME = AppIcon;
				ASSETCATALOG_COMPILER_GLOBAL_ACCENT_COLOR_NAME = AccentColor;
				CODE_SIGN_STYLE = Automatic;
				CURRENT_PROJECT_VERSION = 1;
				DEVELOPMENT_TEAM = 787WGZ5DQQ;
				GENERATE_INFOPLIST_FILE = YES;
				INFOPLIST_KEY_CFBundleDisplayName = "Planets Crushing";
				INFOPLIST_KEY_UIApplicationSupportsIndirectInputEvents = YES;
				INFOPLIST_KEY_UILaunchStoryboardName = LaunchScreen;
				INFOPLIST_KEY_UIMainStoryboardFile = Main;
				INFOPLIST_KEY_UIStatusBarHidden = YES;
				INFOPLIST_KEY_UISupportedInterfaceOrientations = UIInterfaceOrientationPortrait;
				INFOPLIST_KEY_UISupportedInterfaceOrientations_iPad = "UIInterfaceOrientationLandscapeLeft UIInterfaceOrientationLandscapeRight UIInterfaceOrientationPortrait UIInterfaceOrientationPortraitUpsideDown";
				IPHONEOS_DEPLOYMENT_TARGET = 15.0;
				LD_RUNPATH_SEARCH_PATHS = (
					"$(inherited)",
					"@executable_path/Frameworks",
				);
				MARKETING_VERSION = 1.0;
				PRODUCT_BUNDLE_IDENTIFIER = NewGameFinal;
				PRODUCT_NAME = "$(TARGET_NAME)";
				SUPPORTED_PLATFORMS = "iphoneos iphonesimulator";
				SUPPORTS_MACCATALYST = NO;
				SUPPORTS_MAC_DESIGNED_FOR_IPHONE_IPAD = NO;
				SWIFT_EMIT_LOC_STRINGS = YES;
				SWIFT_VERSION = 5.0;
				TARGETED_DEVICE_FAMILY = 1;
			};
			name = Debug;
		};
		C0568D0B29A4C88C00BB9181 /* Release */ = {
			isa = XCBuildConfiguration;
			buildSettings = {
				ASSETCATALOG_COMPILER_APPICON_NAME = AppIcon;
				ASSETCATALOG_COMPILER_GLOBAL_ACCENT_COLOR_NAME = AccentColor;
				CODE_SIGN_STYLE = Automatic;
				CURRENT_PROJECT_VERSION = 1;
				DEVELOPMENT_TEAM = 787WGZ5DQQ;
				GENERATE_INFOPLIST_FILE = YES;
				INFOPLIST_KEY_CFBundleDisplayName = "Planets Crushing";
				INFOPLIST_KEY_UIApplicationSupportsIndirectInputEvents = YES;
				INFOPLIST_KEY_UILaunchStoryboardName = LaunchScreen;
				INFOPLIST_KEY_UIMainStoryboardFile = Main;
				INFOPLIST_KEY_UIStatusBarHidden = YES;
				INFOPLIST_KEY_UISupportedInterfaceOrientations = UIInterfaceOrientationPortrait;
				INFOPLIST_KEY_UISupportedInterfaceOrientations_iPad = "UIInterfaceOrientationLandscapeLeft UIInterfaceOrientationLandscapeRight UIInterfaceOrientationPortrait UIInterfaceOrientationPortraitUpsideDown";
				IPHONEOS_DEPLOYMENT_TARGET = 15.0;
				LD_RUNPATH_SEARCH_PATHS = (
					"$(inherited)",
					"@executable_path/Frameworks",
				);
				MARKETING_VERSION = 1.0;
				PRODUCT_BUNDLE_IDENTIFIER = NewGameFinal;
				PRODUCT_NAME = "$(TARGET_NAME)";
				SUPPORTED_PLATFORMS = "iphoneos iphonesimulator";
				SUPPORTS_MACCATALYST = NO;
				SUPPORTS_MAC_DESIGNED_FOR_IPHONE_IPAD = NO;
				SWIFT_EMIT_LOC_STRINGS = YES;
				SWIFT_VERSION = 5.0;
				TARGETED_DEVICE_FAMILY = 1;
			};
			name = Release;
		};
/* End XCBuildConfiguration section */

/* Begin XCConfigurationList section */
		C0568CED29A4C88A00BB9181 /* Build configuration list for PBXProject "NewGame" */ = {
			isa = XCConfigurationList;
			buildConfigurations = (
				C0568D0729A4C88C00BB9181 /* Debug */,
				C0568D0829A4C88C00BB9181 /* Release */,
			);
			defaultConfigurationIsVisible = 0;
			defaultConfigurationName = Release;
		};
		C0568D0929A4C88C00BB9181 /* Build configuration list for PBXNativeTarget "NewGame" */ = {
			isa = XCConfigurationList;
			buildConfigurations = (
				C0568D0A29A4C88C00BB9181 /* Debug */,
				C0568D0B29A4C88C00BB9181 /* Release */,
			);
			defaultConfigurationIsVisible = 0;
			defaultConfigurationName = Release;
		};
/* End XCConfigurationList section */
	};
	rootObject = C0568CEA29A4C88A00BB9181 /* Project object */;
}
